
Microsoft Visual Studio Solution File, Format Version 12.00
# Visual Studio Version 17
VisualStudioVersion = 17.0.31815.197
MinimumVisualStudioVersion = 10.0.40219.1
Project("{FAE04EC0-301F-11D3-BF4B-00C04F79EFBC}") = "AdventOfCode", "AdventOfCode.csproj", "{84216DC3-D427-4DBC-A20E-CEB1AD5E4BE7}"
EndProject
Global
	GlobalSection(SolutionConfigurationPlatforms) = preSolution
		Debug|Any CPU = Debug|Any CPU
		Release|Any CPU = Release|Any CPU
	EndGlobalSection
	GlobalSection(ProjectConfigurationPlatforms) = postSolution
		{84216DC3-D427-4DBC-A20E-CEB1AD5E4BE7}.Debug|Any CPU.ActiveCfg = Debug|Any CPU
		{84216DC3-D427-4DBC-A20E-CEB1AD5E4BE7}.Debug|Any CPU.Build.0 = Debug|Any CPU
		{84216DC3-D427-4DBC-A20E-CEB1AD5E4BE7}.Release|Any CPU.ActiveCfg = Release|Any CPU
		{84216DC3-D427-4DBC-A20E-CEB1AD5E4BE7}.Release|Any CPU.Build.0 = Release|Any CPU
	EndGlobalSection
	GlobalSection(SolutionProperties) = preSolution
		HideSolutionNode = FALSE
	EndGlobalSection
	GlobalSection(ExtensibilityGlobals) = postSolution
		SolutionGuid = {565B1988-2E01-4265-9C10-C968664C3CDE}
	EndGlobalSection
EndGlobal
